
Microsoft Visual Studio Solution File, Format Version 12.00
# Visual Studio Version 17
VisualStudioVersion = 17.11.35208.52
MinimumVisualStudioVersion = 10.0.40219.1
Project("{8BC9CEB8-8B4A-11D0-8D11-00A0C91BC942}") = "lab_7.2rec", "lab_7.2rec.vcxproj", "{41B93D5F-FFA5-4A12-B61E-3B78E18D8376}"
EndProject
Project("{8BC9CEB8-8B4A-11D0-8D11-00A0C91BC942}") = "UnitTest2", "..\UnitTest2\UnitTest2.vcxproj", "{3CF18296-8E6A-42A9-970A-570CBBF003A6}"
EndProject
Global
	GlobalSection(SolutionConfigurationPlatforms) = preSolution
		Debug|x64 = Debug|x64
		Debug|x86 = Debug|x86
		Release|x64 = Release|x64
		Release|x86 = Release|x86
	EndGlobalSection
	GlobalSection(ProjectConfigurationPlatforms) = postSolution
		{41B93D5F-FFA5-4A12-B61E-3B78E18D8376}.Debug|x64.ActiveCfg = Debug|x64
		{41B93D5F-FFA5-4A12-B61E-3B78E18D8376}.Debug|x64.Build.0 = Debug|x64
		{41B93D5F-FFA5-4A12-B61E-3B78E18D8376}.Debug|x86.ActiveCfg = Debug|Win32
		{41B93D5F-FFA5-4A12-B61E-3B78E18D8376}.Debug|x86.Build.0 = Debug|Win32
		{41B93D5F-FFA5-4A12-B61E-3B78E18D8376}.Release|x64.ActiveCfg = Release|x64
		{41B93D5F-FFA5-4A12-B61E-3B78E18D8376}.Release|x64.Build.0 = Release|x64
		{41B93D5F-FFA5-4A12-B61E-3B78E18D8376}.Release|x86.ActiveCfg = Release|Win32
		{41B93D5F-FFA5-4A12-B61E-3B78E18D8376}.Release|x86.Build.0 = Release|Win32
		{3CF18296-8E6A-42A9-970A-570CBBF003A6}.Debug|x64.ActiveCfg = Debug|x64
		{3CF18296-8E6A-42A9-970A-570CBBF003A6}.Debug|x64.Build.0 = Debug|x64
		{3CF18296-8E6A-42A9-970A-570CBBF003A6}.Debug|x86.ActiveCfg = Debug|Win32
		{3CF18296-8E6A-42A9-970A-570CBBF003A6}.Debug|x86.Build.0 = Debug|Win32
		{3CF18296-8E6A-42A9-970A-570CBBF003A6}.Release|x64.ActiveCfg = Release|x64
		{3CF18296-8E6A-42A9-970A-570CBBF003A6}.Release|x64.Build.0 = Release|x64
		{3CF18296-8E6A-42A9-970A-570CBBF003A6}.Release|x86.ActiveCfg = Release|Win32
		{3CF18296-8E6A-42A9-970A-570CBBF003A6}.Release|x86.Build.0 = Release|Win32
	EndGlobalSection
	GlobalSection(SolutionProperties) = preSolution
		HideSolutionNode = FALSE
	EndGlobalSection
	GlobalSection(ExtensibilityGlobals) = postSolution
		SolutionGuid = {FF037846-15FD-4597-886D-2356D43B63F2}
	EndGlobalSection
EndGlobal
